// !$*UTF8*$!
{
	archiveVersion = 1;
	classes = {
	};
	objectVersion = 50;
	objects = {

/* Begin PBXBuildFile section */
		D4A0F17520EA22AF0088F11B /* MovieProtocol.swift in Sources */ = {isa = PBXBuildFile; fileRef = D4A0F17420EA22AF0088F11B /* MovieProtocol.swift */; };
		D4A0F17720EA25620088F11B /* MovieModel.swift in Sources */ = {isa = PBXBuildFile; fileRef = D4A0F17620EA25620088F11B /* MovieModel.swift */; };
		D4A0F17920EA26C00088F11B /* MovieViewController.swift in Sources */ = {isa = PBXBuildFile; fileRef = D4A0F17820EA26C00088F11B /* MovieViewController.swift */; };
		D4A0F17B20EA26DB0088F11B /* MovieRouter.swift in Sources */ = {isa = PBXBuildFile; fileRef = D4A0F17A20EA26DB0088F11B /* MovieRouter.swift */; };
		D4A0F17D20EA29180088F11B /* MoviePresenter.swift in Sources */ = {isa = PBXBuildFile; fileRef = D4A0F17C20EA29180088F11B /* MoviePresenter.swift */; };
		D4A0F17F20EA2B160088F11B /* MovieInteractor.swift in Sources */ = {isa = PBXBuildFile; fileRef = D4A0F17E20EA2B160088F11B /* MovieInteractor.swift */; };
		D4D61A2D20E611B10087F31F /* AppDelegate.swift in Sources */ = {isa = PBXBuildFile; fileRef = D4D61A2C20E611B10087F31F /* AppDelegate.swift */; };
		D4D61A2F20E611B10087F31F /* NoticeViewController.swift in Sources */ = {isa = PBXBuildFile; fileRef = D4D61A2E20E611B10087F31F /* NoticeViewController.swift */; };
		D4D61A3220E611B10087F31F /* Main.storyboard in Resources */ = {isa = PBXBuildFile; fileRef = D4D61A3020E611B10087F31F /* Main.storyboard */; };
		D4D61A3420E611B20087F31F /* Assets.xcassets in Resources */ = {isa = PBXBuildFile; fileRef = D4D61A3320E611B20087F31F /* Assets.xcassets */; };
		D4D61A3720E611B20087F31F /* LaunchScreen.storyboard in Resources */ = {isa = PBXBuildFile; fileRef = D4D61A3520E611B20087F31F /* LaunchScreen.storyboard */; };
		D4D61A4C20E615DB0087F31F /* NoticeProtocols.swift in Sources */ = {isa = PBXBuildFile; fileRef = D4D61A4B20E615DB0087F31F /* NoticeProtocols.swift */; };
		D4D61A4E20E617650087F31F /* NoticeModel.swift in Sources */ = {isa = PBXBuildFile; fileRef = D4D61A4D20E617650087F31F /* NoticeModel.swift */; };
		D4D61A5020E619530087F31F /* AppConstants.swift in Sources */ = {isa = PBXBuildFile; fileRef = D4D61A4F20E619530087F31F /* AppConstants.swift */; };
		D4D61A5220E622C60087F31F /* NoticePresenter.swift in Sources */ = {isa = PBXBuildFile; fileRef = D4D61A5120E622C60087F31F /* NoticePresenter.swift */; };
		D4D61A5420E626020087F31F /* NoticeInteractor.swift in Sources */ = {isa = PBXBuildFile; fileRef = D4D61A5320E626020087F31F /* NoticeInteractor.swift */; };
		D4D61A5620E62B280087F31F /* NoticeRouter.swift in Sources */ = {isa = PBXBuildFile; fileRef = D4D61A5520E62B280087F31F /* NoticeRouter.swift */; };
		D4E6799220EB418500D8700F /* ProgressIndicator.swift in Sources */ = {isa = PBXBuildFile; fileRef = D4E6799120EB418500D8700F /* ProgressIndicator.swift */; };
		D4E6799420EB41F300D8700F /* AppUtils.swift in Sources */ = {isa = PBXBuildFile; fileRef = D4E6799320EB41F300D8700F /* AppUtils.swift */; };
		FDA32DF59E2D3C95BFCD70B6 /* Pods_VIPER_demo.framework in Frameworks */ = {isa = PBXBuildFile; fileRef = 0D0EEC49C11BFBF6073020D4 /* Pods_VIPER_demo.framework */; };
/* End PBXBuildFile section */

/* Begin PBXFileReference section */
		0D0EEC49C11BFBF6073020D4 /* Pods_VIPER_demo.framework */ = {isa = PBXFileReference; explicitFileType = wrapper.framework; includeInIndex = 0; path = Pods_VIPER_demo.framework; sourceTree = BUILT_PRODUCTS_DIR; };
		2D34FEC21DC1AE0AF72580EC /* Pods-VIPER-demo.release.xcconfig */ = {isa = PBXFileReference; includeInIndex = 1; lastKnownFileType = text.xcconfig; name = "Pods-VIPER-demo.release.xcconfig"; path = "Pods/Target Support Files/Pods-VIPER-demo/Pods-VIPER-demo.release.xcconfig"; sourceTree = "<group>"; };
		C8524BEFDB7BE87E0061D65D /* Pods-VIPER-demo.debug.xcconfig */ = {isa = PBXFileReference; includeInIndex = 1; lastKnownFileType = text.xcconfig; name = "Pods-VIPER-demo.debug.xcconfig"; path = "Pods/Target Support Files/Pods-VIPER-demo/Pods-VIPER-demo.debug.xcconfig"; sourceTree = "<group>"; };
		D4A0F17420EA22AF0088F11B /* MovieProtocol.swift */ = {isa = PBXFileReference; lastKnownFileType = sourcecode.swift; path = MovieProtocol.swift; sourceTree = "<group>"; };
		D4A0F17620EA25620088F11B /* MovieModel.swift */ = {isa = PBXFileReference; lastKnownFileType = sourcecode.swift; path = MovieModel.swift; sourceTree = "<group>"; };
		D4A0F17820EA26C00088F11B /* MovieViewController.swift */ = {isa = PBXFileReference; lastKnownFileType = sourcecode.swift; path = MovieViewController.swift; sourceTree = "<group>"; };
		D4A0F17A20EA26DB0088F11B /* MovieRouter.swift */ = {isa = PBXFileReference; lastKnownFileType = sourcecode.swift; path = MovieRouter.swift; sourceTree = "<group>"; };
		D4A0F17C20EA29180088F11B /* MoviePresenter.swift */ = {isa = PBXFileReference; lastKnownFileType = sourcecode.swift; path = MoviePresenter.swift; sourceTree = "<group>"; };
		D4A0F17E20EA2B160088F11B /* MovieInteractor.swift */ = {isa = PBXFileReference; lastKnownFileType = sourcecode.swift; path = MovieInteractor.swift; sourceTree = "<group>"; };
		D4D61A2920E611B10087F31F /* VIPER-demo.app */ = {isa = PBXFileReference; explicitFileType = wrapper.application; includeInIndex = 0; path = "VIPER-demo.app"; sourceTree = BUILT_PRODUCTS_DIR; };
		D4D61A2C20E611B10087F31F /* AppDelegate.swift */ = {isa = PBXFileReference; lastKnownFileType = sourcecode.swift; path = AppDelegate.swift; sourceTree = "<group>"; };
		D4D61A2E20E611B10087F31F /* NoticeViewController.swift */ = {isa = PBXFileReference; lastKnownFileType = sourcecode.swift; path = NoticeViewController.swift; sourceTree = "<group>"; };
		D4D61A3120E611B10087F31F /* Base */ = {isa = PBXFileReference; lastKnownFileType = file.storyboard; name = Base; path = Base.lproj/Main.storyboard; sourceTree = "<group>"; };
		D4D61A3320E611B20087F31F /* Assets.xcassets */ = {isa = PBXFileReference; lastKnownFileType = folder.assetcatalog; path = Assets.xcassets; sourceTree = "<group>"; };
		D4D61A3620E611B20087F31F /* Base */ = {isa = PBXFileReference; lastKnownFileType = file.storyboard; name = Base; path = Base.lproj/LaunchScreen.storyboard; sourceTree = "<group>"; };
		D4D61A3820E611B20087F31F /* Info.plist */ = {isa = PBXFileReference; lastKnownFileType = text.plist.xml; path = Info.plist; sourceTree = "<group>"; };
		D4D61A4B20E615DB0087F31F /* NoticeProtocols.swift */ = {isa = PBXFileReference; lastKnownFileType = sourcecode.swift; path = NoticeProtocols.swift; sourceTree = "<group>"; };
		D4D61A4D20E617650087F31F /* NoticeModel.swift */ = {isa = PBXFileReference; lastKnownFileType = sourcecode.swift; path = NoticeModel.swift; sourceTree = "<group>"; };
		D4D61A4F20E619530087F31F /* AppConstants.swift */ = {isa = PBXFileReference; lastKnownFileType = sourcecode.swift; path = AppConstants.swift; sourceTree = "<group>"; };
		D4D61A5120E622C60087F31F /* NoticePresenter.swift */ = {isa = PBXFileReference; lastKnownFileType = sourcecode.swift; path = NoticePresenter.swift; sourceTree = "<group>"; };
		D4D61A5320E626020087F31F /* NoticeInteractor.swift */ = {isa = PBXFileReference; lastKnownFileType = sourcecode.swift; path = NoticeInteractor.swift; sourceTree = "<group>"; };
		D4D61A5520E62B280087F31F /* NoticeRouter.swift */ = {isa = PBXFileReference; lastKnownFileType = sourcecode.swift; path = NoticeRouter.swift; sourceTree = "<group>"; };
		D4E6799120EB418500D8700F /* ProgressIndicator.swift */ = {isa = PBXFileReference; lastKnownFileType = sourcecode.swift; path = ProgressIndicator.swift; sourceTree = "<group>"; };
		D4E6799320EB41F300D8700F /* AppUtils.swift */ = {isa = PBXFileReference; lastKnownFileType = sourcecode.swift; path = AppUtils.swift; sourceTree = "<group>"; };
/* End PBXFileReference section */

/* Begin PBXFrameworksBuildPhase section */
		D4D61A2620E611B10087F31F /* Frameworks */ = {
			isa = PBXFrameworksBuildPhase;
			buildActionMask = 2147483647;
			files = (
				FDA32DF59E2D3C95BFCD70B6 /* Pods_VIPER_demo.framework in Frameworks */,
			);
			runOnlyForDeploymentPostprocessing = 0;
		};
/* End PBXFrameworksBuildPhase section */

/* Begin PBXGroup section */
		87024E6A06AB6C1B2FE84993 /* Frameworks */ = {
			isa = PBXGroup;
			children = (
				0D0EEC49C11BFBF6073020D4 /* Pods_VIPER_demo.framework */,
			);
			name = Frameworks;
			sourceTree = "<group>";
		};
		D4A0F16B20EA21C10088F11B /* movie-module */ = {
			isa = PBXGroup;
			children = (
				D4A0F17120EA22250088F11B /* view */,
				D4A0F17020EA21F40088F11B /* presenter */,
				D4A0F16F20EA21F10088F11B /* router */,
				D4A0F16E20EA21EE0088F11B /* interactor */,
				D4A0F16D20EA21EB0088F11B /* entity */,
				D4A0F16C20EA21DB0088F11B /* protocols */,
			);
			path = "movie-module";
			sourceTree = "<group>";
		};
		D4A0F16C20EA21DB0088F11B /* protocols */ = {
			isa = PBXGroup;
			children = (
				D4A0F17420EA22AF0088F11B /* MovieProtocol.swift */,
			);
			path = protocols;
			sourceTree = "<group>";
		};
		D4A0F16D20EA21EB0088F11B /* entity */ = {
			isa = PBXGroup;
			children = (
				D4A0F17620EA25620088F11B /* MovieModel.swift */,
			);
			path = entity;
			sourceTree = "<group>";
		};
		D4A0F16E20EA21EE0088F11B /* interactor */ = {
			isa = PBXGroup;
			children = (
				D4A0F17E20EA2B160088F11B /* MovieInteractor.swift */,
			);
			path = interactor;
			sourceTree = "<group>";
		};
		D4A0F16F20EA21F10088F11B /* router */ = {
			isa = PBXGroup;
			children = (
				D4A0F17A20EA26DB0088F11B /* MovieRouter.swift */,
			);
			path = router;
			sourceTree = "<group>";
		};
		D4A0F17020EA21F40088F11B /* presenter */ = {
			isa = PBXGroup;
			children = (
				D4A0F17C20EA29180088F11B /* MoviePresenter.swift */,
			);
			path = presenter;
			sourceTree = "<group>";
		};
		D4A0F17120EA22250088F11B /* view */ = {
			isa = PBXGroup;
			children = (
				D4A0F17820EA26C00088F11B /* MovieViewController.swift */,
			);
			path = view;
			sourceTree = "<group>";
		};
		D4A0F17320EA22470088F11B /* common-utils */ = {
			isa = PBXGroup;
			children = (
				D4E6799320EB41F300D8700F /* AppUtils.swift */,
				D4E6799020EB416F00D8700F /* ui-utils */,
				D4E6798F20EB415D00D8700F /* app-constants */,
			);
			path = "common-utils";
			sourceTree = "<group>";
		};
		D4D61A2020E611B10087F31F = {
			isa = PBXGroup;
			children = (
				D4D61A2B20E611B10087F31F /* VIPER-demo */,
				D4D61A2A20E611B10087F31F /* Products */,
				DFCA8B60E1BA92EAEDB53958 /* Pods */,
				87024E6A06AB6C1B2FE84993 /* Frameworks */,
			);
			sourceTree = "<group>";
		};
		D4D61A2A20E611B10087F31F /* Products */ = {
			isa = PBXGroup;
			children = (
				D4D61A2920E611B10087F31F /* VIPER-demo.app */,
			);
			name = Products;
			sourceTree = "<group>";
		};
		D4D61A2B20E611B10087F31F /* VIPER-demo */ = {
			isa = PBXGroup;
			children = (
				D4D61A3820E611B20087F31F /* Info.plist */,
				D4D61A4920E614020087F31F /* app-icons */,
				D4D61A4820E613D40087F31F /* app-ui */,
				D4D61A4720E6138E0087F31F /* app-settings */,
				D4D61A4620E6136C0087F31F /* app-modules */,
				D4A0F17320EA22470088F11B /* common-utils */,
			);
			path = "VIPER-demo";
			sourceTree = "<group>";
		};
		D4D61A3E20E6122A0087F31F /* notice-module */ = {
			isa = PBXGroup;
			children = (
				D4D61A4A20E615AA0087F31F /* protocols */,
				D4D61A4520E613310087F31F /* entity */,
				D4D61A4420E613280087F31F /* interactor */,
				D4D61A4320E613220087F31F /* router */,
				D4D61A4220E613140087F31F /* presenter */,
				D4D61A4120E6130E0087F31F /* view */,
			);
			path = "notice-module";
			sourceTree = "<group>";
		};
		D4D61A4120E6130E0087F31F /* view */ = {
			isa = PBXGroup;
			children = (
				D4D61A2E20E611B10087F31F /* NoticeViewController.swift */,
			);
			path = view;
			sourceTree = "<group>";
		};
		D4D61A4220E613140087F31F /* presenter */ = {
			isa = PBXGroup;
			children = (
				D4D61A5120E622C60087F31F /* NoticePresenter.swift */,
			);
			path = presenter;
			sourceTree = "<group>";
		};
		D4D61A4320E613220087F31F /* router */ = {
			isa = PBXGroup;
			children = (
				D4D61A5520E62B280087F31F /* NoticeRouter.swift */,
			);
			path = router;
			sourceTree = "<group>";
		};
		D4D61A4420E613280087F31F /* interactor */ = {
			isa = PBXGroup;
			children = (
				D4D61A5320E626020087F31F /* NoticeInteractor.swift */,
			);
			path = interactor;
			sourceTree = "<group>";
		};
		D4D61A4520E613310087F31F /* entity */ = {
			isa = PBXGroup;
			children = (
				D4D61A4D20E617650087F31F /* NoticeModel.swift */,
			);
			name = entity;
			path = "New Group";
			sourceTree = "<group>";
		};
		D4D61A4620E6136C0087F31F /* app-modules */ = {
			isa = PBXGroup;
			children = (
				D4D61A3E20E6122A0087F31F /* notice-module */,
				D4A0F16B20EA21C10088F11B /* movie-module */,
			);
			path = "app-modules";
			sourceTree = "<group>";
		};
		D4D61A4720E6138E0087F31F /* app-settings */ = {
			isa = PBXGroup;
			children = (
				D4D61A2C20E611B10087F31F /* AppDelegate.swift */,
			);
			path = "app-settings";
			sourceTree = "<group>";
		};
		D4D61A4820E613D40087F31F /* app-ui */ = {
			isa = PBXGroup;
			children = (
				D4D61A3520E611B20087F31F /* LaunchScreen.storyboard */,
				D4D61A3020E611B10087F31F /* Main.storyboard */,
			);
			path = "app-ui";
			sourceTree = "<group>";
		};
		D4D61A4920E614020087F31F /* app-icons */ = {
			isa = PBXGroup;
			children = (
				D4D61A3320E611B20087F31F /* Assets.xcassets */,
			);
			path = "app-icons";
			sourceTree = "<group>";
		};
		D4D61A4A20E615AA0087F31F /* protocols */ = {
			isa = PBXGroup;
			children = (
				D4D61A4B20E615DB0087F31F /* NoticeProtocols.swift */,
			);
			path = protocols;
			sourceTree = "<group>";
		};
		D4E6798F20EB415D00D8700F /* app-constants */ = {
			isa = PBXGroup;
			children = (
				D4D61A4F20E619530087F31F /* AppConstants.swift */,
			);
			path = "app-constants";
			sourceTree = "<group>";
		};
		D4E6799020EB416F00D8700F /* ui-utils */ = {
			isa = PBXGroup;
			children = (
				D4E6799120EB418500D8700F /* ProgressIndicator.swift */,
			);
			path = "ui-utils";
			sourceTree = "<group>";
		};
		DFCA8B60E1BA92EAEDB53958 /* Pods */ = {
			isa = PBXGroup;
			children = (
				C8524BEFDB7BE87E0061D65D /* Pods-VIPER-demo.debug.xcconfig */,
				2D34FEC21DC1AE0AF72580EC /* Pods-VIPER-demo.release.xcconfig */,
			);
			name = Pods;
			sourceTree = "<group>";
		};
/* End PBXGroup section */

/* Begin PBXNativeTarget section */
		D4D61A2820E611B10087F31F /* VIPER-demo */ = {
			isa = PBXNativeTarget;
			buildConfigurationList = D4D61A3B20E611B20087F31F /* Build configuration list for PBXNativeTarget "VIPER-demo" */;
			buildPhases = (
				3F20C9762509C9B048C92ECB /* [CP] Check Pods Manifest.lock */,
				D4D61A2520E611B10087F31F /* Sources */,
				D4D61A2620E611B10087F31F /* Frameworks */,
				D4D61A2720E611B10087F31F /* Resources */,
				07444241ED9FB7038A802FE1 /* [CP] Embed Pods Frameworks */,
			);
			buildRules = (
			);
			dependencies = (
			);
			name = "VIPER-demo";
			productName = "VIPER-demo";
			productReference = D4D61A2920E611B10087F31F /* VIPER-demo.app */;
			productType = "com.apple.product-type.application";
		};
/* End PBXNativeTarget section */

/* Begin PBXProject section */
		D4D61A2120E611B10087F31F /* Project object */ = {
			isa = PBXProject;
			attributes = {
				LastSwiftUpdateCheck = 0940;
				LastUpgradeCheck = 0940;
				ORGANIZATIONNAME = Tootle;
				TargetAttributes = {
					D4D61A2820E611B10087F31F = {
						CreatedOnToolsVersion = 9.4.1;
					};
				};
			};
			buildConfigurationList = D4D61A2420E611B10087F31F /* Build configuration list for PBXProject "VIPER-demo" */;
			compatibilityVersion = "Xcode 9.3";
			developmentRegion = en;
			hasScannedForEncodings = 0;
			knownRegions = (
				en,
				Base,
			);
			mainGroup = D4D61A2020E611B10087F31F;
			productRefGroup = D4D61A2A20E611B10087F31F /* Products */;
			projectDirPath = "";
			projectRoot = "";
			targets = (
				D4D61A2820E611B10087F31F /* VIPER-demo */,
			);
		};
/* End PBXProject section */

/* Begin PBXResourcesBuildPhase section */
		D4D61A2720E611B10087F31F /* Resources */ = {
			isa = PBXResourcesBuildPhase;
			buildActionMask = 2147483647;
			files = (
				D4D61A3720E611B20087F31F /* LaunchScreen.storyboard in Resources */,
				D4D61A3420E611B20087F31F /* Assets.xcassets in Resources */,
				D4D61A3220E611B10087F31F /* Main.storyboard in Resources */,
			);
			runOnlyForDeploymentPostprocessing = 0;
		};
/* End PBXResourcesBuildPhase section */

/* Begin PBXShellScriptBuildPhase section */
		07444241ED9FB7038A802FE1 /* [CP] Embed Pods Frameworks */ = {
			isa = PBXShellScriptBuildPhase;
			buildActionMask = 2147483647;
			files = (
			);
			inputPaths = (
				"${SRCROOT}/Pods/Target Support Files/Pods-VIPER-demo/Pods-VIPER-demo-frameworks.sh",
				"${BUILT_PRODUCTS_DIR}/Alamofire/Alamofire.framework",
				"${BUILT_PRODUCTS_DIR}/AlamofireImage/AlamofireImage.framework",
				"${BUILT_PRODUCTS_DIR}/AlamofireObjectMapper/AlamofireObjectMapper.framework",
				"${BUILT_PRODUCTS_DIR}/ObjectMapper/ObjectMapper.framework",
			);
			name = "[CP] Embed Pods Frameworks";
			outputPaths = (
				"${TARGET_BUILD_DIR}/${FRAMEWORKS_FOLDER_PATH}/Alamofire.framework",
				"${TARGET_BUILD_DIR}/${FRAMEWORKS_FOLDER_PATH}/AlamofireImage.framework",
				"${TARGET_BUILD_DIR}/${FRAMEWORKS_FOLDER_PATH}/AlamofireObjectMapper.framework",
				"${TARGET_BUILD_DIR}/${FRAMEWORKS_FOLDER_PATH}/ObjectMapper.framework",
			);
			runOnlyForDeploymentPostprocessing = 0;
			shellPath = /bin/sh;
			shellScript = "\"${SRCROOT}/Pods/Target Support Files/Pods-VIPER-demo/Pods-VIPER-demo-frameworks.sh\"\n";
			showEnvVarsInLog = 0;
		};
		3F20C9762509C9B048C92ECB /* [CP] Check Pods Manifest.lock */ = {
			isa = PBXShellScriptBuildPhase;
			buildActionMask = 2147483647;
			files = (
			);
			inputPaths = (
				"${PODS_PODFILE_DIR_PATH}/Podfile.lock",
				"${PODS_ROOT}/Manifest.lock",
			);
			name = "[CP] Check Pods Manifest.lock";
			outputPaths = (
				"$(DERIVED_FILE_DIR)/Pods-VIPER-demo-checkManifestLockResult.txt",
			);
			runOnlyForDeploymentPostprocessing = 0;
			shellPath = /bin/sh;
			shellScript = "diff \"${PODS_PODFILE_DIR_PATH}/Podfile.lock\" \"${PODS_ROOT}/Manifest.lock\" > /dev/null\nif [ $? != 0 ] ; then\n    # print error to STDERR\n    echo \"error: The sandbox is not in sync with the Podfile.lock. Run 'pod install' or update your CocoaPods installation.\" >&2\n    exit 1\nfi\n# This output is used by Xcode 'outputs' to avoid re-running this script phase.\necho \"SUCCESS\" > \"${SCRIPT_OUTPUT_FILE_0}\"\n";
			showEnvVarsInLog = 0;
		};
/* End PBXShellScriptBuildPhase section */

/* Begin PBXSourcesBuildPhase section */
		D4D61A2520E611B10087F31F /* Sources */ = {
			isa = PBXSourcesBuildPhase;
			buildActionMask = 2147483647;
			files = (
				D4A0F17D20EA29180088F11B /* MoviePresenter.swift in Sources */,
				D4A0F17F20EA2B160088F11B /* MovieInteractor.swift in Sources */,
				D4D61A5620E62B280087F31F /* NoticeRouter.swift in Sources */,
				D4D61A5220E622C60087F31F /* NoticePresenter.swift in Sources */,
				D4A0F17920EA26C00088F11B /* MovieViewController.swift in Sources */,
				D4A0F17720EA25620088F11B /* MovieModel.swift in Sources */,
				D4D61A4E20E617650087F31F /* NoticeModel.swift in Sources */,
				D4A0F17B20EA26DB0088F11B /* MovieRouter.swift in Sources */,
				D4D61A5420E626020087F31F /* NoticeInteractor.swift in Sources */,
				D4D61A5020E619530087F31F /* AppConstants.swift in Sources */,
				D4A0F17520EA22AF0088F11B /* MovieProtocol.swift in Sources */,
				D4E6799420EB41F300D8700F /* AppUtils.swift in Sources */,
				D4D61A2F20E611B10087F31F /* NoticeViewController.swift in Sources */,
				D4D61A4C20E615DB0087F31F /* NoticeProtocols.swift in Sources */,
				D4E6799220EB418500D8700F /* ProgressIndicator.swift in Sources */,
				D4D61A2D20E611B10087F31F /* AppDelegate.swift in Sources */,
			);
			runOnlyForDeploymentPostprocessing = 0;
		};
/* End PBXSourcesBuildPhase section */

/* Begin PBXVariantGroup section */
		D4D61A3020E611B10087F31F /* Main.storyboard */ = {
			isa = PBXVariantGroup;
			children = (
				D4D61A3120E611B10087F31F /* Base */,
			);
			name = Main.storyboard;
			sourceTree = "<group>";
		};
		D4D61A3520E611B20087F31F /* LaunchScreen.storyboard */ = {
			isa = PBXVariantGroup;
			children = (
				D4D61A3620E611B20087F31F /* Base */,
			);
			name = LaunchScreen.storyboard;
			sourceTree = "<group>";
		};
/* End PBXVariantGroup section */

/* Begin XCBuildConfiguration section */
		D4D61A3920E611B20087F31F /* Debug */ = {
			isa = XCBuildConfiguration;
			buildSettings = {
				ALWAYS_SEARCH_USER_PATHS = NO;
				CLANG_ANALYZER_NONNULL = YES;
				CLANG_ANALYZER_NUMBER_OBJECT_CONVERSION = YES_AGGRESSIVE;
				CLANG_CXX_LANGUAGE_STANDARD = "gnu++14";
				CLANG_CXX_LIBRARY = "libc++";
				CLANG_ENABLE_MODULES = YES;
				CLANG_ENABLE_OBJC_ARC = YES;
				CLANG_ENABLE_OBJC_WEAK = YES;
				CLANG_WARN_BLOCK_CAPTURE_AUTORELEASING = YES;
				CLANG_WARN_BOOL_CONVERSION = YES;
				CLANG_WARN_COMMA = YES;
				CLANG_WARN_CONSTANT_CONVERSION = YES;
				CLANG_WARN_DEPRECATED_OBJC_IMPLEMENTATIONS = YES;
				CLANG_WARN_DIRECT_OBJC_ISA_USAGE = YES_ERROR;
				CLANG_WARN_DOCUMENTATION_COMMENTS = YES;
				CLANG_WARN_EMPTY_BODY = YES;
				CLANG_WARN_ENUM_CONVERSION = YES;
				CLANG_WARN_INFINITE_RECURSION = YES;
				CLANG_WARN_INT_CONVERSION = YES;
				CLANG_WARN_NON_LITERAL_NULL_CONVERSION = YES;
				CLANG_WARN_OBJC_IMPLICIT_RETAIN_SELF = YES;
				CLANG_WARN_OBJC_LITERAL_CONVERSION = YES;
				CLANG_WARN_OBJC_ROOT_CLASS = YES_ERROR;
				CLANG_WARN_RANGE_LOOP_ANALYSIS = YES;
				CLANG_WARN_STRICT_PROTOTYPES = YES;
				CLANG_WARN_SUSPICIOUS_MOVE = YES;
				CLANG_WARN_UNGUARDED_AVAILABILITY = YES_AGGRESSIVE;
				CLANG_WARN_UNREACHABLE_CODE = YES;
				CLANG_WARN__DUPLICATE_METHOD_MATCH = YES;
				CODE_SIGN_IDENTITY = "iPhone Developer";
				COPY_PHASE_STRIP = NO;
				DEBUG_INFORMATION_FORMAT = dwarf;
				ENABLE_STRICT_OBJC_MSGSEND = YES;
				ENABLE_TESTABILITY = YES;
				GCC_C_LANGUAGE_STANDARD = gnu11;
				GCC_DYNAMIC_NO_PIC = NO;
				GCC_NO_COMMON_BLOCKS = YES;
				GCC_OPTIMIZATION_LEVEL = 0;
				GCC_PREPROCESSOR_DEFINITIONS = (
					"DEBUG=1",
					"$(inherited)",
				);
				GCC_WARN_64_TO_32_BIT_CONVERSION = YES;
				GCC_WARN_ABOUT_RETURN_TYPE = YES_ERROR;
				GCC_WARN_UNDECLARED_SELECTOR = YES;
				GCC_WARN_UNINITIALIZED_AUTOS = YES_AGGRESSIVE;
				GCC_WARN_UNUSED_FUNCTION = YES;
				GCC_WARN_UNUSED_VARIABLE = YES;
				IPHONEOS_DEPLOYMENT_TARGET = 11.4;
				MTL_ENABLE_DEBUG_INFO = YES;
				ONLY_ACTIVE_ARCH = YES;
				SDKROOT = iphoneos11.4;
				SWIFT_ACTIVE_COMPILATION_CONDITIONS = DEBUG;
				SWIFT_OPTIMIZATION_LEVEL = "-Onone";
				SWIFT_VERSION = 3.0;
			};
			name = Debug;
		};
		D4D61A3A20E611B20087F31F /* Release */ = {
			isa = XCBuildConfiguration;
			buildSettings = {
				ALWAYS_SEARCH_USER_PATHS = NO;
				CLANG_ANALYZER_NONNULL = YES;
				CLANG_ANALYZER_NUMBER_OBJECT_CONVERSION = YES_AGGRESSIVE;
				CLANG_CXX_LANGUAGE_STANDARD = "gnu++14";
				CLANG_CXX_LIBRARY = "libc++";
				CLANG_ENABLE_MODULES = YES;
				CLANG_ENABLE_OBJC_ARC = YES;
				CLANG_ENABLE_OBJC_WEAK = YES;
				CLANG_WARN_BLOCK_CAPTURE_AUTORELEASING = YES;
				CLANG_WARN_BOOL_CONVERSION = YES;
				CLANG_WARN_COMMA = YES;
				CLANG_WARN_CONSTANT_CONVERSION = YES;
				CLANG_WARN_DEPRECATED_OBJC_IMPLEMENTATIONS = YES;
				CLANG_WARN_DIRECT_OBJC_ISA_USAGE = YES_ERROR;
				CLANG_WARN_DOCUMENTATION_COMMENTS = YES;
				CLANG_WARN_EMPTY_BODY = YES;
				CLANG_WARN_ENUM_CONVERSION = YES;
				CLANG_WARN_INFINITE_RECURSION = YES;
				CLANG_WARN_INT_CONVERSION = YES;
				CLANG_WARN_NON_LITERAL_NULL_CONVERSION = YES;
				CLANG_WARN_OBJC_IMPLICIT_RETAIN_SELF = YES;
				CLANG_WARN_OBJC_LITERAL_CONVERSION = YES;
				CLANG_WARN_OBJC_ROOT_CLASS = YES_ERROR;
				CLANG_WARN_RANGE_LOOP_ANALYSIS = YES;
				CLANG_WARN_STRICT_PROTOTYPES = YES;
				CLANG_WARN_SUSPICIOUS_MOVE = YES;
				CLANG_WARN_UNGUARDED_AVAILABILITY = YES_AGGRESSIVE;
				CLANG_WARN_UNREACHABLE_CODE = YES;
				CLANG_WARN__DUPLICATE_METHOD_MATCH = YES;
				CODE_SIGN_IDENTITY = "iPhone Developer";
				COPY_PHASE_STRIP = NO;
				DEBUG_INFORMATION_FORMAT = "dwarf-with-dsym";
				ENABLE_NS_ASSERTIONS = NO;
				ENABLE_STRICT_OBJC_MSGSEND = YES;
				GCC_C_LANGUAGE_STANDARD = gnu11;
				GCC_NO_COMMON_BLOCKS = YES;
				GCC_WARN_64_TO_32_BIT_CONVERSION = YES;
				GCC_WARN_ABOUT_RETURN_TYPE = YES_ERROR;
				GCC_WARN_UNDECLARED_SELECTOR = YES;
				GCC_WARN_UNINITIALIZED_AUTOS = YES_AGGRESSIVE;
				GCC_WARN_UNUSED_FUNCTION = YES;
				GCC_WARN_UNUSED_VARIABLE = YES;
				IPHONEOS_DEPLOYMENT_TARGET = 11.4;
				MTL_ENABLE_DEBUG_INFO = NO;
				SDKROOT = iphoneos11.4;
				SWIFT_COMPILATION_MODE = wholemodule;
				SWIFT_OPTIMIZATION_LEVEL = "-O";
				SWIFT_VERSION = 3.0;
				VALIDATE_PRODUCT = YES;
			};
			name = Release;
		};
		D4D61A3C20E611B20087F31F /* Debug */ = {
			isa = XCBuildConfiguration;
			baseConfigurationReference = C8524BEFDB7BE87E0061D65D /* Pods-VIPER-demo.debug.xcconfig */;
			buildSettings = {
				ASSETCATALOG_COMPILER_APPICON_NAME = AppIcon;
				CODE_SIGN_STYLE = Automatic;
				DEVELOPMENT_TEAM = B56F2CE99Y;
				INFOPLIST_FILE = "VIPER-demo/Info.plist";
				LD_RUNPATH_SEARCH_PATHS = "$(inherited) @executable_path/Frameworks";
				PRODUCT_BUNDLE_IDENTIFIER = "bipin.three60.VIPER-demo";
				PRODUCT_NAME = "$(TARGET_NAME)";
				SWIFT_VERSION = 3.0;
				TARGETED_DEVICE_FAMILY = "1,2";
			};
			name = Debug;
		};
		D4D61A3D20E611B20087F31F /* Release */ = {
			isa = XCBuildConfiguration;
			baseConfigurationReference = 2D34FEC21DC1AE0AF72580EC /* Pods-VIPER-demo.release.xcconfig */;
			buildSettings = {
				ASSETCATALOG_COMPILER_APPICON_NAME = AppIcon;
				CODE_SIGN_STYLE = Automatic;
				DEVELOPMENT_TEAM = B56F2CE99Y;
				INFOPLIST_FILE = "VIPER-demo/Info.plist";
				LD_RUNPATH_SEARCH_PATHS = "$(inherited) @executable_path/Frameworks";
				PRODUCT_BUNDLE_IDENTIFIER = "bipin.three60.VIPER-demo";
				PRODUCT_NAME = "$(TARGET_NAME)";
				SWIFT_VERSION = 3.0;
				TARGETED_DEVICE_FAMILY = "1,2";
			};
			name = Release;
		};
/* End XCBuildConfiguration section */

/* Begin XCConfigurationList section */
		D4D61A2420E611B10087F31F /* Build configuration list for PBXProject "VIPER-demo" */ = {
			isa = XCConfigurationList;
			buildConfigurations = (
				D4D61A3920E611B20087F31F /* Debug */,
				D4D61A3A20E611B20087F31F /* Release */,
			);
			defaultConfigurationIsVisible = 0;
			defaultConfigurationName = Release;
		};
		D4D61A3B20E611B20087F31F /* Build configuration list for PBXNativeTarget "VIPER-demo" */ = {
			isa = XCConfigurationList;
			buildConfigurations = (
				D4D61A3C20E611B20087F31F /* Debug */,
				D4D61A3D20E611B20087F31F /* Release */,
			);
			defaultConfigurationIsVisible = 0;
			defaultConfigurationName = Release;
		};
/* End XCConfigurationList section */
	};
	rootObject = D4D61A2120E611B10087F31F /* Project object */;
}
